
Microsoft Visual Studio Solution File, Format Version 12.00
# Visual Studio Version 16
VisualStudioVersion = 16.0.29519.181
MinimumVisualStudioVersion = 10.0.40219.1
Project("{FAE04EC0-301F-11D3-BF4B-00C04F79EFBC}") = "QLGARAGUI", "QLGARA\QLGARAGUI.csproj", "{5DF76C33-EA6E-4060-AED0-62D9722785C0}"
EndProject
Project("{FAE04EC0-301F-11D3-BF4B-00C04F79EFBC}") = "QLGARADAL", "QLGARADAL\QLGARADAL.csproj", "{E5AF6F77-108E-4060-86BE-5D1031FF541C}"
EndProject
Project("{FAE04EC0-301F-11D3-BF4B-00C04F79EFBC}") = "QLGARABUS", "QLGARABUS\QLGARABUS.csproj", "{A8DB5A15-6172-4333-91B0-8B15C1874464}"
EndProject
Project("{FAE04EC0-301F-11D3-BF4B-00C04F79EFBC}") = "QLGARADTO", "QLGARADTO\QLGARADTO.csproj", "{1DEC9DFF-5415-4C88-9EE2-81661E8B8B18}"
EndProject
Global
	GlobalSection(SolutionConfigurationPlatforms) = preSolution
		Debug|Any CPU = Debug|Any CPU
		Release|Any CPU = Release|Any CPU
	EndGlobalSection
	GlobalSection(ProjectConfigurationPlatforms) = postSolution
		{5DF76C33-EA6E-4060-AED0-62D9722785C0}.Debug|Any CPU.ActiveCfg = Debug|Any CPU
		{5DF76C33-EA6E-4060-AED0-62D9722785C0}.Debug|Any CPU.Build.0 = Debug|Any CPU
		{5DF76C33-EA6E-4060-AED0-62D9722785C0}.Release|Any CPU.ActiveCfg = Release|Any CPU
		{5DF76C33-EA6E-4060-AED0-62D9722785C0}.Release|Any CPU.Build.0 = Release|Any CPU
		{E5AF6F77-108E-4060-86BE-5D1031FF541C}.Debug|Any CPU.ActiveCfg = Debug|Any CPU
		{E5AF6F77-108E-4060-86BE-5D1031FF541C}.Debug|Any CPU.Build.0 = Debug|Any CPU
		{E5AF6F77-108E-4060-86BE-5D1031FF541C}.Release|Any CPU.ActiveCfg = Release|Any CPU
		{E5AF6F77-108E-4060-86BE-5D1031FF541C}.Release|Any CPU.Build.0 = Release|Any CPU
		{A8DB5A15-6172-4333-91B0-8B15C1874464}.Debug|Any CPU.ActiveCfg = Debug|Any CPU
		{A8DB5A15-6172-4333-91B0-8B15C1874464}.Debug|Any CPU.Build.0 = Debug|Any CPU
		{A8DB5A15-6172-4333-91B0-8B15C1874464}.Release|Any CPU.ActiveCfg = Release|Any CPU
		{A8DB5A15-6172-4333-91B0-8B15C1874464}.Release|Any CPU.Build.0 = Release|Any CPU
		{1DEC9DFF-5415-4C88-9EE2-81661E8B8B18}.Debug|Any CPU.ActiveCfg = Debug|Any CPU
		{1DEC9DFF-5415-4C88-9EE2-81661E8B8B18}.Debug|Any CPU.Build.0 = Debug|Any CPU
		{1DEC9DFF-5415-4C88-9EE2-81661E8B8B18}.Release|Any CPU.ActiveCfg = Release|Any CPU
		{1DEC9DFF-5415-4C88-9EE2-81661E8B8B18}.Release|Any CPU.Build.0 = Release|Any CPU
	EndGlobalSection
	GlobalSection(SolutionProperties) = preSolution
		HideSolutionNode = FALSE
	EndGlobalSection
	GlobalSection(ExtensibilityGlobals) = postSolution
		SolutionGuid = {BEE8C90F-F59D-4B80-9CF8-7A65B5879679}
	EndGlobalSection
EndGlobal
